
Microsoft Visual Studio Solution File, Format Version 12.00
# Visual Studio Version 16
VisualStudioVersion = 16.0.29905.134
MinimumVisualStudioVersion = 10.0.40219.1
Project("{2150E333-8FDC-42A3-9474-1A3956D46DE8}") = "Hyperai", "Hyperai", "{90629FA1-9C51-4F9E-AEE0-70980DE4F025}"
EndProject
Project("{2150E333-8FDC-42A3-9474-1A3956D46DE8}") = "HyperaiShell", "HyperaiShell", "{58800D43-8E3E-4817-BD0D-CF51D7B062D0}"
EndProject
Project("{9A19103F-16F7-4668-BE54-9A1E7A4F7556}") = "Hyperai.Units", "Hyperai.Units\Hyperai.Units\Hyperai.Units.csproj", "{8D55EEA6-59E4-4FE6-8240-B26390C56D2A}"
EndProject
Project("{9A19103F-16F7-4668-BE54-9A1E7A4F7556}") = "Hyperai.Units.Abstractions", "Hyperai.Units\Hyperai.Units.Abstractions\Hyperai.Units.Abstractions.csproj", "{CE4C7445-959B-457F-8501-6F8DC4C0763C}"
EndProject
Project("{9A19103F-16F7-4668-BE54-9A1E7A4F7556}") = "Hyperai.Units.Abstractions.Tests", "Hyperai.Units\Hyperai.Units.Abstractions.Tests\Hyperai.Units.Abstractions.Tests.csproj", "{889DCC5D-E5FC-43A1-8482-D993A337B1DF}"
EndProject
Project("{9A19103F-16F7-4668-BE54-9A1E7A4F7556}") = "Hyperai.Units.Tests", "Hyperai.Units\Hyperai.Units.Tests\Hyperai.Units.Tests.csproj", "{D49D9017-A7B9-4846-BD79-74F012B2EB4A}"
EndProject
Project("{9A19103F-16F7-4668-BE54-9A1E7A4F7556}") = "Hyperai.Abstractions", "Hyperai\Hyperai.Abstractions\Hyperai.Abstractions.csproj", "{8E8A5247-F6C3-4D01-8E47-08C994A43674}"
EndProject
Project("{9A19103F-16F7-4668-BE54-9A1E7A4F7556}") = "Hyperai.Abstractions.Tests", "Hyperai\Hyperai.Abstractions.Tests\Hyperai.Abstractions.Tests.csproj", "{C5AFEBE1-BCF4-48B0-85F9-1C671D0AAE5C}"
EndProject
Project("{9A19103F-16F7-4668-BE54-9A1E7A4F7556}") = "Hyperai.Core", "Hyperai\Hyperai.Core\Hyperai.Core.csproj", "{3EBC5A47-D0C3-43AB-B305-689AA5881CB3}"
EndProject
Project("{9A19103F-16F7-4668-BE54-9A1E7A4F7556}") = "Hyperai.Core.Tests", "Hyperai\Hyperai.Core.Tests\Hyperai.Core.Tests.csproj", "{B989854E-EFAE-4AF2-8469-8EDEF3A2CE9C}"
EndProject
Project("{9A19103F-16F7-4668-BE54-9A1E7A4F7556}") = "HyperaiShell.App", "HyperaiShell\HyperaiShell.App\HyperaiShell.App.csproj", "{3823123E-4A26-4C5B-AEB9-DC6C53B1F283}"
EndProject
Project("{9A19103F-16F7-4668-BE54-9A1E7A4F7556}") = "HyperaiShell.Foundation", "HyperaiShell\HyperaiShell.Foundation\HyperaiShell.Foundation.csproj", "{973359F8-ADEE-4E20-B527-3AB06D393AF8}"
EndProject
Project("{2150E333-8FDC-42A3-9474-1A3956D46DE8}") = "Hyperai.Units", "Hyperai.Units", "{258456DF-A2E4-479E-A8B8-BB37808DF52E}"
EndProject
Global
	GlobalSection(SolutionConfigurationPlatforms) = preSolution
		Debug|Any CPU = Debug|Any CPU
		Release|Any CPU = Release|Any CPU
	EndGlobalSection
	GlobalSection(ProjectConfigurationPlatforms) = postSolution
		{8D55EEA6-59E4-4FE6-8240-B26390C56D2A}.Debug|Any CPU.ActiveCfg = Debug|Any CPU
		{8D55EEA6-59E4-4FE6-8240-B26390C56D2A}.Debug|Any CPU.Build.0 = Debug|Any CPU
		{8D55EEA6-59E4-4FE6-8240-B26390C56D2A}.Release|Any CPU.ActiveCfg = Release|Any CPU
		{8D55EEA6-59E4-4FE6-8240-B26390C56D2A}.Release|Any CPU.Build.0 = Release|Any CPU
		{CE4C7445-959B-457F-8501-6F8DC4C0763C}.Debug|Any CPU.ActiveCfg = Debug|Any CPU
		{CE4C7445-959B-457F-8501-6F8DC4C0763C}.Debug|Any CPU.Build.0 = Debug|Any CPU
		{CE4C7445-959B-457F-8501-6F8DC4C0763C}.Release|Any CPU.ActiveCfg = Release|Any CPU
		{CE4C7445-959B-457F-8501-6F8DC4C0763C}.Release|Any CPU.Build.0 = Release|Any CPU
		{889DCC5D-E5FC-43A1-8482-D993A337B1DF}.Debug|Any CPU.ActiveCfg = Debug|Any CPU
		{889DCC5D-E5FC-43A1-8482-D993A337B1DF}.Debug|Any CPU.Build.0 = Debug|Any CPU
		{889DCC5D-E5FC-43A1-8482-D993A337B1DF}.Release|Any CPU.ActiveCfg = Release|Any CPU
		{889DCC5D-E5FC-43A1-8482-D993A337B1DF}.Release|Any CPU.Build.0 = Release|Any CPU
		{D49D9017-A7B9-4846-BD79-74F012B2EB4A}.Debug|Any CPU.ActiveCfg = Debug|Any CPU
		{D49D9017-A7B9-4846-BD79-74F012B2EB4A}.Debug|Any CPU.Build.0 = Debug|Any CPU
		{D49D9017-A7B9-4846-BD79-74F012B2EB4A}.Release|Any CPU.ActiveCfg = Release|Any CPU
		{D49D9017-A7B9-4846-BD79-74F012B2EB4A}.Release|Any CPU.Build.0 = Release|Any CPU
		{8E8A5247-F6C3-4D01-8E47-08C994A43674}.Debug|Any CPU.ActiveCfg = Debug|Any CPU
		{8E8A5247-F6C3-4D01-8E47-08C994A43674}.Debug|Any CPU.Build.0 = Debug|Any CPU
		{8E8A5247-F6C3-4D01-8E47-08C994A43674}.Release|Any CPU.ActiveCfg = Release|Any CPU
		{8E8A5247-F6C3-4D01-8E47-08C994A43674}.Release|Any CPU.Build.0 = Release|Any CPU
		{C5AFEBE1-BCF4-48B0-85F9-1C671D0AAE5C}.Debug|Any CPU.ActiveCfg = Debug|Any CPU
		{C5AFEBE1-BCF4-48B0-85F9-1C671D0AAE5C}.Debug|Any CPU.Build.0 = Debug|Any CPU
		{C5AFEBE1-BCF4-48B0-85F9-1C671D0AAE5C}.Release|Any CPU.ActiveCfg = Release|Any CPU
		{C5AFEBE1-BCF4-48B0-85F9-1C671D0AAE5C}.Release|Any CPU.Build.0 = Release|Any CPU
		{3EBC5A47-D0C3-43AB-B305-689AA5881CB3}.Debug|Any CPU.ActiveCfg = Debug|Any CPU
		{3EBC5A47-D0C3-43AB-B305-689AA5881CB3}.Debug|Any CPU.Build.0 = Debug|Any CPU
		{3EBC5A47-D0C3-43AB-B305-689AA5881CB3}.Release|Any CPU.ActiveCfg = Release|Any CPU
		{3EBC5A47-D0C3-43AB-B305-689AA5881CB3}.Release|Any CPU.Build.0 = Release|Any CPU
		{B989854E-EFAE-4AF2-8469-8EDEF3A2CE9C}.Debug|Any CPU.ActiveCfg = Debug|Any CPU
		{B989854E-EFAE-4AF2-8469-8EDEF3A2CE9C}.Debug|Any CPU.Build.0 = Debug|Any CPU
		{B989854E-EFAE-4AF2-8469-8EDEF3A2CE9C}.Release|Any CPU.ActiveCfg = Release|Any CPU
		{B989854E-EFAE-4AF2-8469-8EDEF3A2CE9C}.Release|Any CPU.Build.0 = Release|Any CPU
		{3823123E-4A26-4C5B-AEB9-DC6C53B1F283}.Debug|Any CPU.ActiveCfg = Debug|Any CPU
		{3823123E-4A26-4C5B-AEB9-DC6C53B1F283}.Debug|Any CPU.Build.0 = Debug|Any CPU
		{3823123E-4A26-4C5B-AEB9-DC6C53B1F283}.Release|Any CPU.ActiveCfg = Release|Any CPU
		{3823123E-4A26-4C5B-AEB9-DC6C53B1F283}.Release|Any CPU.Build.0 = Release|Any CPU
		{973359F8-ADEE-4E20-B527-3AB06D393AF8}.Debug|Any CPU.ActiveCfg = Debug|Any CPU
		{973359F8-ADEE-4E20-B527-3AB06D393AF8}.Debug|Any CPU.Build.0 = Debug|Any CPU
		{973359F8-ADEE-4E20-B527-3AB06D393AF8}.Release|Any CPU.ActiveCfg = Release|Any CPU
		{973359F8-ADEE-4E20-B527-3AB06D393AF8}.Release|Any CPU.Build.0 = Release|Any CPU
	EndGlobalSection
	GlobalSection(SolutionProperties) = preSolution
		HideSolutionNode = FALSE
	EndGlobalSection
	GlobalSection(NestedProjects) = preSolution
		{8D55EEA6-59E4-4FE6-8240-B26390C56D2A} = {258456DF-A2E4-479E-A8B8-BB37808DF52E}
		{CE4C7445-959B-457F-8501-6F8DC4C0763C} = {258456DF-A2E4-479E-A8B8-BB37808DF52E}
		{889DCC5D-E5FC-43A1-8482-D993A337B1DF} = {258456DF-A2E4-479E-A8B8-BB37808DF52E}
		{D49D9017-A7B9-4846-BD79-74F012B2EB4A} = {258456DF-A2E4-479E-A8B8-BB37808DF52E}
		{8E8A5247-F6C3-4D01-8E47-08C994A43674} = {90629FA1-9C51-4F9E-AEE0-70980DE4F025}
		{C5AFEBE1-BCF4-48B0-85F9-1C671D0AAE5C} = {90629FA1-9C51-4F9E-AEE0-70980DE4F025}
		{3EBC5A47-D0C3-43AB-B305-689AA5881CB3} = {90629FA1-9C51-4F9E-AEE0-70980DE4F025}
		{B989854E-EFAE-4AF2-8469-8EDEF3A2CE9C} = {90629FA1-9C51-4F9E-AEE0-70980DE4F025}
		{3823123E-4A26-4C5B-AEB9-DC6C53B1F283} = {58800D43-8E3E-4817-BD0D-CF51D7B062D0}
		{973359F8-ADEE-4E20-B527-3AB06D393AF8} = {58800D43-8E3E-4817-BD0D-CF51D7B062D0}
	EndGlobalSection
	GlobalSection(ExtensibilityGlobals) = postSolution
		SolutionGuid = {9F7AAF99-0B8B-4E44-B27F-42DB8E588E6F}
	EndGlobalSection
EndGlobal
