
Microsoft Visual Studio Solution File, Format Version 12.00
# Visual Studio Version 16
VisualStudioVersion = 16.0.29905.134
MinimumVisualStudioVersion = 10.0.40219.1
Project("{2150E333-8FDC-42A3-9474-1A3956D46DE8}") = "Hyperai", "Hyperai", "{90629FA1-9C51-4F9E-AEE0-70980DE4F025}"
EndProject
Project("{9A19103F-16F7-4668-BE54-9A1E7A4F7556}") = "Hyperai.Core", "Hyperai.Core\Hyperai.Core\Hyperai.Core.csproj", "{DCAD00C9-D2B9-4CD5-A3E2-EEEB8C42C2EA}"
EndProject
Project("{9A19103F-16F7-4668-BE54-9A1E7A4F7556}") = "Hyperai.Core.Tests", "Hyperai.Core\Hyperai.Core.Tests\Hyperai.Core.Tests.csproj", "{64141DD8-0F01-4854-8317-69FCCE771323}"
EndProject
Project("{2150E333-8FDC-42A3-9474-1A3956D46DE8}") = "HyperaiShell", "HyperaiShell", "{58800D43-8E3E-4817-BD0D-CF51D7B062D0}"
EndProject
Project("{9A19103F-16F7-4668-BE54-9A1E7A4F7556}") = "HyperaiShell.App", "HyperaiShell.App\HyperaiShell.App\HyperaiShell.App.csproj", "{183163E4-E4EF-45A8-9FD9-0D9DBBA39558}"
EndProject
Project("{9A19103F-16F7-4668-BE54-9A1E7A4F7556}") = "Hyperai.Abstractions", "Hyperai.Abstractions\Hyperai.Abstractions\Hyperai.Abstractions.csproj", "{BB7C9504-B5B1-4E02-B268-3E9C70C92B8B}"
EndProject
Project("{9A19103F-16F7-4668-BE54-9A1E7A4F7556}") = "Hyperai.Abstractions.Tests", "Hyperai.Abstractions\Hyperai.Abstractions.Tests\Hyperai.Abstractions.Tests.csproj", "{D1C27F78-98D0-4AE6-AF78-E907CA961E67}"
EndProject
Project("{2150E333-8FDC-42A3-9474-1A3956D46DE8}") = "Modules", "Modules", "{D0C66C61-4E12-45B7-B03F-91CE33AE3115}"
EndProject
Project("{2150E333-8FDC-42A3-9474-1A3956D46DE8}") = "Clients", "Clients", "{DD042965-CD82-4FA6-9EC7-58559AF65FAC}"
EndProject
Project("{9A19103F-16F7-4668-BE54-9A1E7A4F7556}") = "Hyperai.Clients.Fake", "Hyperai.Clients.Fake\Hyperai.Clients.Fake\Hyperai.Clients.Fake.csproj", "{5CD94D01-BB66-4C6C-94F1-770968BAA451}"
EndProject
Project("{9A19103F-16F7-4668-BE54-9A1E7A4F7556}") = "Hyperai.Units", "Hyperai.Units\Hyperai.Units\Hyperai.Units.csproj", "{50E480A0-27C5-4B0B-9E2D-7CFC29718FC2}"
EndProject
Project("{9A19103F-16F7-4668-BE54-9A1E7A4F7556}") = "Hyperai.Units.Abstractions", "Hyperai.Units.Abstractions\Hyperai.Units.Abstractions\Hyperai.Units.Abstractions.csproj", "{04C69069-DFDE-47B2-B925-0E2DEEDDA173}"
EndProject
Global
	GlobalSection(SolutionConfigurationPlatforms) = preSolution
		Debug|Any CPU = Debug|Any CPU
		Release|Any CPU = Release|Any CPU
	EndGlobalSection
	GlobalSection(ProjectConfigurationPlatforms) = postSolution
		{DCAD00C9-D2B9-4CD5-A3E2-EEEB8C42C2EA}.Debug|Any CPU.ActiveCfg = Debug|Any CPU
		{DCAD00C9-D2B9-4CD5-A3E2-EEEB8C42C2EA}.Debug|Any CPU.Build.0 = Debug|Any CPU
		{DCAD00C9-D2B9-4CD5-A3E2-EEEB8C42C2EA}.Release|Any CPU.ActiveCfg = Release|Any CPU
		{DCAD00C9-D2B9-4CD5-A3E2-EEEB8C42C2EA}.Release|Any CPU.Build.0 = Release|Any CPU
		{64141DD8-0F01-4854-8317-69FCCE771323}.Debug|Any CPU.ActiveCfg = Debug|Any CPU
		{64141DD8-0F01-4854-8317-69FCCE771323}.Debug|Any CPU.Build.0 = Debug|Any CPU
		{64141DD8-0F01-4854-8317-69FCCE771323}.Release|Any CPU.ActiveCfg = Release|Any CPU
		{64141DD8-0F01-4854-8317-69FCCE771323}.Release|Any CPU.Build.0 = Release|Any CPU
		{183163E4-E4EF-45A8-9FD9-0D9DBBA39558}.Debug|Any CPU.ActiveCfg = Debug|Any CPU
		{183163E4-E4EF-45A8-9FD9-0D9DBBA39558}.Debug|Any CPU.Build.0 = Debug|Any CPU
		{183163E4-E4EF-45A8-9FD9-0D9DBBA39558}.Release|Any CPU.ActiveCfg = Release|Any CPU
		{183163E4-E4EF-45A8-9FD9-0D9DBBA39558}.Release|Any CPU.Build.0 = Release|Any CPU
		{BB7C9504-B5B1-4E02-B268-3E9C70C92B8B}.Debug|Any CPU.ActiveCfg = Debug|Any CPU
		{BB7C9504-B5B1-4E02-B268-3E9C70C92B8B}.Debug|Any CPU.Build.0 = Debug|Any CPU
		{BB7C9504-B5B1-4E02-B268-3E9C70C92B8B}.Release|Any CPU.ActiveCfg = Release|Any CPU
		{BB7C9504-B5B1-4E02-B268-3E9C70C92B8B}.Release|Any CPU.Build.0 = Release|Any CPU
		{D1C27F78-98D0-4AE6-AF78-E907CA961E67}.Debug|Any CPU.ActiveCfg = Debug|Any CPU
		{D1C27F78-98D0-4AE6-AF78-E907CA961E67}.Debug|Any CPU.Build.0 = Debug|Any CPU
		{D1C27F78-98D0-4AE6-AF78-E907CA961E67}.Release|Any CPU.ActiveCfg = Release|Any CPU
		{D1C27F78-98D0-4AE6-AF78-E907CA961E67}.Release|Any CPU.Build.0 = Release|Any CPU
		{5CD94D01-BB66-4C6C-94F1-770968BAA451}.Debug|Any CPU.ActiveCfg = Debug|Any CPU
		{5CD94D01-BB66-4C6C-94F1-770968BAA451}.Debug|Any CPU.Build.0 = Debug|Any CPU
		{5CD94D01-BB66-4C6C-94F1-770968BAA451}.Release|Any CPU.ActiveCfg = Release|Any CPU
		{5CD94D01-BB66-4C6C-94F1-770968BAA451}.Release|Any CPU.Build.0 = Release|Any CPU
		{50E480A0-27C5-4B0B-9E2D-7CFC29718FC2}.Debug|Any CPU.ActiveCfg = Debug|Any CPU
		{50E480A0-27C5-4B0B-9E2D-7CFC29718FC2}.Debug|Any CPU.Build.0 = Debug|Any CPU
		{50E480A0-27C5-4B0B-9E2D-7CFC29718FC2}.Release|Any CPU.ActiveCfg = Release|Any CPU
		{50E480A0-27C5-4B0B-9E2D-7CFC29718FC2}.Release|Any CPU.Build.0 = Release|Any CPU
		{04C69069-DFDE-47B2-B925-0E2DEEDDA173}.Debug|Any CPU.ActiveCfg = Debug|Any CPU
		{04C69069-DFDE-47B2-B925-0E2DEEDDA173}.Debug|Any CPU.Build.0 = Debug|Any CPU
		{04C69069-DFDE-47B2-B925-0E2DEEDDA173}.Release|Any CPU.ActiveCfg = Release|Any CPU
		{04C69069-DFDE-47B2-B925-0E2DEEDDA173}.Release|Any CPU.Build.0 = Release|Any CPU
	EndGlobalSection
	GlobalSection(SolutionProperties) = preSolution
		HideSolutionNode = FALSE
	EndGlobalSection
	GlobalSection(NestedProjects) = preSolution
		{DCAD00C9-D2B9-4CD5-A3E2-EEEB8C42C2EA} = {90629FA1-9C51-4F9E-AEE0-70980DE4F025}
		{64141DD8-0F01-4854-8317-69FCCE771323} = {90629FA1-9C51-4F9E-AEE0-70980DE4F025}
		{183163E4-E4EF-45A8-9FD9-0D9DBBA39558} = {58800D43-8E3E-4817-BD0D-CF51D7B062D0}
		{BB7C9504-B5B1-4E02-B268-3E9C70C92B8B} = {90629FA1-9C51-4F9E-AEE0-70980DE4F025}
		{D1C27F78-98D0-4AE6-AF78-E907CA961E67} = {90629FA1-9C51-4F9E-AEE0-70980DE4F025}
		{D0C66C61-4E12-45B7-B03F-91CE33AE3115} = {90629FA1-9C51-4F9E-AEE0-70980DE4F025}
		{DD042965-CD82-4FA6-9EC7-58559AF65FAC} = {90629FA1-9C51-4F9E-AEE0-70980DE4F025}
		{5CD94D01-BB66-4C6C-94F1-770968BAA451} = {DD042965-CD82-4FA6-9EC7-58559AF65FAC}
		{50E480A0-27C5-4B0B-9E2D-7CFC29718FC2} = {D0C66C61-4E12-45B7-B03F-91CE33AE3115}
		{04C69069-DFDE-47B2-B925-0E2DEEDDA173} = {D0C66C61-4E12-45B7-B03F-91CE33AE3115}
	EndGlobalSection
	GlobalSection(ExtensibilityGlobals) = postSolution
		SolutionGuid = {9F7AAF99-0B8B-4E44-B27F-42DB8E588E6F}
	EndGlobalSection
EndGlobal
